
Microsoft Visual Studio Solution File, Format Version 12.00
# Visual Studio Version 17
VisualStudioVersion = 17.7.34024.191
MinimumVisualStudioVersion = 10.0.40219.1
Project("{FAE04EC0-301F-11D3-BF4B-00C04F79EFBC}") = "csharp-lista-indirizzi", "csharp-lista-indirizzi\csharp-lista-indirizzi.csproj", "{A8787887-665B-4348-BE72-A18F9F671319}"
EndProject
Global
	GlobalSection(SolutionConfigurationPlatforms) = preSolution
		Debug|Any CPU = Debug|Any CPU
		Release|Any CPU = Release|Any CPU
	EndGlobalSection
	GlobalSection(ProjectConfigurationPlatforms) = postSolution
		{A8787887-665B-4348-BE72-A18F9F671319}.Debug|Any CPU.ActiveCfg = Debug|Any CPU
		{A8787887-665B-4348-BE72-A18F9F671319}.Debug|Any CPU.Build.0 = Debug|Any CPU
		{A8787887-665B-4348-BE72-A18F9F671319}.Release|Any CPU.ActiveCfg = Release|Any CPU
		{A8787887-665B-4348-BE72-A18F9F671319}.Release|Any CPU.Build.0 = Release|Any CPU
	EndGlobalSection
	GlobalSection(SolutionProperties) = preSolution
		HideSolutionNode = FALSE
	EndGlobalSection
	GlobalSection(ExtensibilityGlobals) = postSolution
		SolutionGuid = {948AC776-9EFF-4080-B498-43155F30A330}
	EndGlobalSection
EndGlobal
